
Microsoft Visual Studio Solution File, Format Version 12.00
Project("{2150E333-8FDC-42A3-9474-1A3956D46DE8}") = "Domain", "Domain", "{5557C221-3A39-451E-8913-B0098B71D3AD}"
EndProject
Project("{FAE04EC0-301F-11D3-BF4B-00C04F79EFBC}") = "NGPD.Manager.Data", "NGPD.Manager.Data\NGPD.Manager.Data.csproj", "{CDB53972-6E4E-4176-A572-EF62047BEA26}"
EndProject
Project("{FAE04EC0-301F-11D3-BF4B-00C04F79EFBC}") = "NGPD.Manager.Entities", "NGPD.Manager.Entities\NGPD.Manager.Entities.csproj", "{62556C54-C70C-4A26-A942-E0409774C542}"
EndProject
Project("{FAE04EC0-301F-11D3-BF4B-00C04F79EFBC}") = "NGPD.Manager.Services", "NGPD.Manager.Services\NGPD.Manager.Services.csproj", "{62540945-F8D8-4272-B8CD-081ACADF2E85}"
EndProject
Project("{2150E333-8FDC-42A3-9474-1A3956D46DE8}") = "Contracts", "Contracts", "{2FE0C057-05D6-4675-BB18-E4B87557CE00}"
EndProject
Project("{FAE04EC0-301F-11D3-BF4B-00C04F79EFBC}") = "NGPD.Manager.Data.Contracts", "NGPD.Manager.Data.Contracts\NGPD.Manager.Data.Contracts.csproj", "{8D50A0AC-BB68-46DE-8928-C5BDFBF41DC3}"
EndProject
Project("{FAE04EC0-301F-11D3-BF4B-00C04F79EFBC}") = "NGPD.Manager.Services.Contracts", "NGPD.Manager.Services.Contracts\NGPD.Manager.Services.Contracts.csproj", "{B4A43D93-8607-444E-9B29-CFAC03189E69}"
EndProject
Project("{2150E333-8FDC-42A3-9474-1A3956D46DE8}") = "Test", "Test", "{5BB604D5-F71D-487A-84C9-8BEE7B04B8B4}"
EndProject
Project("{2150E333-8FDC-42A3-9474-1A3956D46DE8}") = "Utils", "Utils", "{E8CD8FE9-F82B-4047-A9B4-384E1B36B499}"
EndProject
Project("{FAE04EC0-301F-11D3-BF4B-00C04F79EFBC}") = "NGPD.Manager.CrossCutting", "NGPD.Manager.CrossCutting\NGPD.Manager.CrossCutting.csproj", "{5099B8AB-4DC4-447F-A2D6-435F20450C47}"
EndProject
Project("{FAE04EC0-301F-11D3-BF4B-00C04F79EFBC}") = "NGPD.Manager.UnitTest", "NGPD.Manager.UnitTest\NGPD.Manager.UnitTest.csproj", "{24227CE7-0844-4DDE-A726-D227BCBC5D29}"
EndProject
Project("{FAE04EC0-301F-11D3-BF4B-00C04F79EFBC}") = "NGPD.Manager.IntegrationTest", "NGPD.Manager.IntegrationTest\NGPD.Manager.IntegrationTest.csproj", "{6F9FB73C-78C3-4266-99DC-4F8C180DCFC7}"
EndProject
Project("{FAE04EC0-301F-11D3-BF4B-00C04F79EFBC}") = "NGPD.Manager.API", "NGPD.Manager.API\NGPD.Manager.API.csproj", "{CD98B233-18CB-4363-A549-AE4DA0D5AF67}"
EndProject
Global
	GlobalSection(SolutionConfigurationPlatforms) = preSolution
		Debug|Any CPU = Debug|Any CPU
		Release|Any CPU = Release|Any CPU
	EndGlobalSection
	GlobalSection(ProjectConfigurationPlatforms) = postSolution
		{CDB53972-6E4E-4176-A572-EF62047BEA26}.Debug|Any CPU.ActiveCfg = Debug|Any CPU
		{CDB53972-6E4E-4176-A572-EF62047BEA26}.Debug|Any CPU.Build.0 = Debug|Any CPU
		{CDB53972-6E4E-4176-A572-EF62047BEA26}.Release|Any CPU.ActiveCfg = Release|Any CPU
		{CDB53972-6E4E-4176-A572-EF62047BEA26}.Release|Any CPU.Build.0 = Release|Any CPU
		{62556C54-C70C-4A26-A942-E0409774C542}.Debug|Any CPU.ActiveCfg = Debug|Any CPU
		{62556C54-C70C-4A26-A942-E0409774C542}.Debug|Any CPU.Build.0 = Debug|Any CPU
		{62556C54-C70C-4A26-A942-E0409774C542}.Release|Any CPU.ActiveCfg = Release|Any CPU
		{62556C54-C70C-4A26-A942-E0409774C542}.Release|Any CPU.Build.0 = Release|Any CPU
		{62540945-F8D8-4272-B8CD-081ACADF2E85}.Debug|Any CPU.ActiveCfg = Debug|Any CPU
		{62540945-F8D8-4272-B8CD-081ACADF2E85}.Debug|Any CPU.Build.0 = Debug|Any CPU
		{62540945-F8D8-4272-B8CD-081ACADF2E85}.Release|Any CPU.ActiveCfg = Release|Any CPU
		{62540945-F8D8-4272-B8CD-081ACADF2E85}.Release|Any CPU.Build.0 = Release|Any CPU
		{8D50A0AC-BB68-46DE-8928-C5BDFBF41DC3}.Debug|Any CPU.ActiveCfg = Debug|Any CPU
		{8D50A0AC-BB68-46DE-8928-C5BDFBF41DC3}.Debug|Any CPU.Build.0 = Debug|Any CPU
		{8D50A0AC-BB68-46DE-8928-C5BDFBF41DC3}.Release|Any CPU.ActiveCfg = Release|Any CPU
		{8D50A0AC-BB68-46DE-8928-C5BDFBF41DC3}.Release|Any CPU.Build.0 = Release|Any CPU
		{B4A43D93-8607-444E-9B29-CFAC03189E69}.Debug|Any CPU.ActiveCfg = Debug|Any CPU
		{B4A43D93-8607-444E-9B29-CFAC03189E69}.Debug|Any CPU.Build.0 = Debug|Any CPU
		{B4A43D93-8607-444E-9B29-CFAC03189E69}.Release|Any CPU.ActiveCfg = Release|Any CPU
		{B4A43D93-8607-444E-9B29-CFAC03189E69}.Release|Any CPU.Build.0 = Release|Any CPU
		{5099B8AB-4DC4-447F-A2D6-435F20450C47}.Debug|Any CPU.ActiveCfg = Debug|Any CPU
		{5099B8AB-4DC4-447F-A2D6-435F20450C47}.Debug|Any CPU.Build.0 = Debug|Any CPU
		{5099B8AB-4DC4-447F-A2D6-435F20450C47}.Release|Any CPU.ActiveCfg = Release|Any CPU
		{5099B8AB-4DC4-447F-A2D6-435F20450C47}.Release|Any CPU.Build.0 = Release|Any CPU
		{24227CE7-0844-4DDE-A726-D227BCBC5D29}.Debug|Any CPU.ActiveCfg = Debug|Any CPU
		{24227CE7-0844-4DDE-A726-D227BCBC5D29}.Debug|Any CPU.Build.0 = Debug|Any CPU
		{24227CE7-0844-4DDE-A726-D227BCBC5D29}.Release|Any CPU.ActiveCfg = Release|Any CPU
		{24227CE7-0844-4DDE-A726-D227BCBC5D29}.Release|Any CPU.Build.0 = Release|Any CPU
		{6F9FB73C-78C3-4266-99DC-4F8C180DCFC7}.Debug|Any CPU.ActiveCfg = Debug|Any CPU
		{6F9FB73C-78C3-4266-99DC-4F8C180DCFC7}.Debug|Any CPU.Build.0 = Debug|Any CPU
		{6F9FB73C-78C3-4266-99DC-4F8C180DCFC7}.Release|Any CPU.ActiveCfg = Release|Any CPU
		{6F9FB73C-78C3-4266-99DC-4F8C180DCFC7}.Release|Any CPU.Build.0 = Release|Any CPU
		{CD98B233-18CB-4363-A549-AE4DA0D5AF67}.Debug|Any CPU.ActiveCfg = Debug|Any CPU
		{CD98B233-18CB-4363-A549-AE4DA0D5AF67}.Debug|Any CPU.Build.0 = Debug|Any CPU
		{CD98B233-18CB-4363-A549-AE4DA0D5AF67}.Release|Any CPU.ActiveCfg = Release|Any CPU
		{CD98B233-18CB-4363-A549-AE4DA0D5AF67}.Release|Any CPU.Build.0 = Release|Any CPU
	EndGlobalSection
	GlobalSection(NestedProjects) = preSolution
		{CDB53972-6E4E-4176-A572-EF62047BEA26} = {5557C221-3A39-451E-8913-B0098B71D3AD}
		{62556C54-C70C-4A26-A942-E0409774C542} = {5557C221-3A39-451E-8913-B0098B71D3AD}
		{62540945-F8D8-4272-B8CD-081ACADF2E85} = {5557C221-3A39-451E-8913-B0098B71D3AD}
		{2FE0C057-05D6-4675-BB18-E4B87557CE00} = {5557C221-3A39-451E-8913-B0098B71D3AD}
		{8D50A0AC-BB68-46DE-8928-C5BDFBF41DC3} = {2FE0C057-05D6-4675-BB18-E4B87557CE00}
		{B4A43D93-8607-444E-9B29-CFAC03189E69} = {2FE0C057-05D6-4675-BB18-E4B87557CE00}
		{5099B8AB-4DC4-447F-A2D6-435F20450C47} = {E8CD8FE9-F82B-4047-A9B4-384E1B36B499}
		{24227CE7-0844-4DDE-A726-D227BCBC5D29} = {5BB604D5-F71D-487A-84C9-8BEE7B04B8B4}
		{6F9FB73C-78C3-4266-99DC-4F8C180DCFC7} = {5BB604D5-F71D-487A-84C9-8BEE7B04B8B4}
	EndGlobalSection
EndGlobal
